{
  "originHash" : "0a11be90ef901ec962160069943f5524f07e615e190f78b7f0dde6cd2bfb8a3c",
  "pins" : [
    {
      "identity" : "alamofire",
      "kind" : "remoteSourceControl",
      "location" : "https://github.com/Alamofire/Alamofire.git",
      "state" : {
        "revision" : "513364f870f6bfc468f9d2ff0a95caccc10044c5",
        "version" : "5.10.2"
      }
    },
    {
      "identity" : "moya",
      "kind" : "remoteSourceControl",
      "location" : "https://github.com/Moya/Moya.git",
      "state" : {
        "revision" : "c263811c1f3dbf002be9bd83107f7cdc38992b26",
        "version" : "15.0.3"
      }
    },
    {
      "identity" : "reactiveswift",
      "kind" : "remoteSourceControl",
      "location" : "https://github.com/ReactiveCocoa/ReactiveSwift.git",
      "state" : {
        "revision" : "c43bae3dac73fdd3cb906bd5a1914686ca71ed3c",
        "version" : "6.7.0"
      }
    },
    {
      "identity" : "rxswift",
      "kind" : "remoteSourceControl",
      "location" : "https://github.com/ReactiveX/RxSwift.git",
      "state" : {
        "revision" : "c7c7d2cf50a3211fe2843f76869c698e4e417930",
        "version" : "6.8.0"
      }
    },
    {
      "identity" : "sdwebimage",
      "kind" : "remoteSourceControl",
      "location" : "https://github.com/SDWebImage/SDWebImage.git",
      "state" : {
        "revision" : "10d06f6a33bafae8c164fbfd1f03391f6d4692b3",
        "version" : "5.20.0"
      }
    },
    {
      "identity" : "sdwebimageswiftui",
      "kind" : "remoteSourceControl",
      "location" : "https://github.com/SDWebImage/SDWebImageSwiftUI",
      "state" : {
        "revision" : "451c6dfd5ecec2cf626d1d9ca81c2d4a60355172",
        "version" : "3.1.3"
      }
    },
    {
      "identity" : "zxcvbn-swift",
      "kind" : "remoteSourceControl",
      "location" : "https://github.com/DeVitoC/zxcvbn-swift",
      "state" : {
        "branch" : "main",
        "revision" : "2d0c1137bab12e2c1dc13f167c650256bf60d0b8"
      }
    }
  ],
  "version" : 3
}
