{
  "originHash" : "c4bea3e77f7aea794ddbac7a7d1a162eed5db42a16d08038bb3bfa3063ef137b",
  "pins" : [
    {
      "identity" : "zxcvbn-swift",
      "kind" : "remoteSourceControl",
      "location" : "https://github.com/DeVitoC/zxcvbn-swift",
      "state" : {
        "branch" : "main",
        "revision" : "2d0c1137bab12e2c1dc13f167c650256bf60d0b8"
      }
    }
  ],
  "version" : 3
}
