// !$*UTF8*$!
{
	archiveVersion = 1;
	classes = {
	};
	objectVersion = 77;
	objects = {

/* Begin PBXBuildFile section */
		C43C5C362D42C5CA0026A9AF /* Preview Assets.xcassets in Resources */ = {isa = PBXBuildFile; fileRef = C43C5C222D42C5CA0026A9AF /* Preview Assets.xcassets */; };
		C43C5C372D42C5CA0026A9AF /* thread.json in Resources */ = {isa = PBXBuildFile; fileRef = C43C5C242D42C5CA0026A9AF /* thread.json */; };
		C43C5C382D42C5CA0026A9AF /* threads.json in Resources */ = {isa = PBXBuildFile; fileRef = C43C5C252D42C5CA0026A9AF /* threads.json */; };
		C43C5C392D42C5CA0026A9AF /* AlimamaShuHeiTi-Bold.otf in Resources */ = {isa = PBXBuildFile; fileRef = C43C5C272D42C5CA0026A9AF /* AlimamaShuHeiTi-Bold.otf */; };
		C43C5C3A2D42C5CA0026A9AF /* Assets.xcassets in Resources */ = {isa = PBXBuildFile; fileRef = C43C5C312D42C5CA0026A9AF /* Assets.xcassets */; };
		C43C5C3C2D42C5CA0026A9AF /* FormInputs.swift in Sources */ = {isa = PBXBuildFile; fileRef = C43C5C102D42C5CA0026A9AF /* FormInputs.swift */; };
		C43C5C3D2D42C5CA0026A9AF /* LoginContent.swift in Sources */ = {isa = PBXBuildFile; fileRef = C43C5C112D42C5CA0026A9AF /* LoginContent.swift */; };
		C43C5C3E2D42C5CA0026A9AF /* LoginForm.swift in Sources */ = {isa = PBXBuildFile; fileRef = C43C5C122D42C5CA0026A9AF /* LoginForm.swift */; };
		C43C5C3F2D42C5CA0026A9AF /* PasswordInput.swift in Sources */ = {isa = PBXBuildFile; fileRef = C43C5C132D42C5CA0026A9AF /* PasswordInput.swift */; };
		C43C5C402D42C5CA0026A9AF /* RegisterForm.swift in Sources */ = {isa = PBXBuildFile; fileRef = C43C5C142D42C5CA0026A9AF /* RegisterForm.swift */; };
		C43C5C412D42C5CA0026A9AF /* Glow.swift in Sources */ = {isa = PBXBuildFile; fileRef = C43C5C162D42C5CA0026A9AF /* Glow.swift */; };
		C43C5C422D42C5CA0026A9AF /* Timeline.swift in Sources */ = {isa = PBXBuildFile; fileRef = C43C5C172D42C5CA0026A9AF /* Timeline.swift */; };
		C43C5C432D42C5CA0026A9AF /* AppConstants.swift in Sources */ = {isa = PBXBuildFile; fileRef = C43C5C192D42C5CA0026A9AF /* AppConstants.swift */; };
		C43C5C452D42C5CA0026A9AF /* ColorExtension.swift in Sources */ = {isa = PBXBuildFile; fileRef = C43C5C1C2D42C5CA0026A9AF /* ColorExtension.swift */; };
		C43C5C462D42C5CA0026A9AF /* ModelName.swift in Sources */ = {isa = PBXBuildFile; fileRef = C43C5C1D2D42C5CA0026A9AF /* ModelName.swift */; };
		C43C5C472D42C5CA0026A9AF /* NetworkManager.swift in Sources */ = {isa = PBXBuildFile; fileRef = C43C5C1E2D42C5CA0026A9AF /* NetworkManager.swift */; };
		C43C5C482D42C5CA0026A9AF /* TimeFormatter.swift in Sources */ = {isa = PBXBuildFile; fileRef = C43C5C1F2D42C5CA0026A9AF /* TimeFormatter.swift */; };
		C43C5C492D42C5CA0026A9AF /* VDimService.swift in Sources */ = {isa = PBXBuildFile; fileRef = C43C5C202D42C5CA0026A9AF /* VDimService.swift */; };
		C43C5C4A2D42C5CA0026A9AF /* HomeView.swift in Sources */ = {isa = PBXBuildFile; fileRef = C43C5C292D42C5CA0026A9AF /* HomeView.swift */; };
		C43C5C4B2D42C5CA0026A9AF /* LoginView .swift in Sources */ = {isa = PBXBuildFile; fileRef = C43C5C2A2D42C5CA0026A9AF /* LoginView .swift */; };
		C43C5C4C2D42C5CA0026A9AF /* MusicView.swift in Sources */ = {isa = PBXBuildFile; fileRef = C43C5C2B2D42C5CA0026A9AF /* MusicView.swift */; };
		C43C5C4D2D42C5CA0026A9AF /* OldHomeView.swift in Sources */ = {isa = PBXBuildFile; fileRef = C43C5C2C2D42C5CA0026A9AF /* OldHomeView.swift */; };
		C43C5C4E2D42C5CA0026A9AF /* PostEditorView.swift in Sources */ = {isa = PBXBuildFile; fileRef = C43C5C2D2D42C5CA0026A9AF /* PostEditorView.swift */; };
		C43C5C4F2D42C5CA0026A9AF /* SectionView.swift in Sources */ = {isa = PBXBuildFile; fileRef = C43C5C2E2D42C5CA0026A9AF /* SectionView.swift */; };
		C43C5C502D42C5CA0026A9AF /* UserView.swift in Sources */ = {isa = PBXBuildFile; fileRef = C43C5C2F2D42C5CA0026A9AF /* UserView.swift */; };
		C43C5C512D42C5CA0026A9AF /* ContentView.swift in Sources */ = {isa = PBXBuildFile; fileRef = C43C5C322D42C5CA0026A9AF /* ContentView.swift */; };
		C43C5C522D42C5CA0026A9AF /* vdimApp.swift in Sources */ = {isa = PBXBuildFile; fileRef = C43C5C342D42C5CA0026A9AF /* vdimApp.swift */; };
		C461EBBA2D3FF0850080FAAF /* SDWebImageSwiftUI in Frameworks */ = {isa = PBXBuildFile; productRef = C461EBB92D3FF0850080FAAF /* SDWebImageSwiftUI */; };
		C47B31B62D3AD6E000D623E7 /* zxcvbn in Frameworks */ = {isa = PBXBuildFile; productRef = C47B31B52D3AD6E000D623E7 /* zxcvbn */; };
		C4F10ED82D4689B800F635C4 /* PostControls.swift in Sources */ = {isa = PBXBuildFile; fileRef = C4F10ED72D4689B500F635C4 /* PostControls.swift */; };
		C4F554652D3D115F001B4A15 /* Moya in Frameworks */ = {isa = PBXBuildFile; productRef = C4F554642D3D115F001B4A15 /* Moya */; };
/* End PBXBuildFile section */

/* Begin PBXFileReference section */
		C43C5C102D42C5CA0026A9AF /* FormInputs.swift */ = {isa = PBXFileReference; lastKnownFileType = sourcecode.swift; path = FormInputs.swift; sourceTree = "<group>"; };
		C43C5C112D42C5CA0026A9AF /* LoginContent.swift */ = {isa = PBXFileReference; lastKnownFileType = sourcecode.swift; path = LoginContent.swift; sourceTree = "<group>"; };
		C43C5C122D42C5CA0026A9AF /* LoginForm.swift */ = {isa = PBXFileReference; lastKnownFileType = sourcecode.swift; path = LoginForm.swift; sourceTree = "<group>"; };
		C43C5C132D42C5CA0026A9AF /* PasswordInput.swift */ = {isa = PBXFileReference; lastKnownFileType = sourcecode.swift; path = PasswordInput.swift; sourceTree = "<group>"; };
		C43C5C142D42C5CA0026A9AF /* RegisterForm.swift */ = {isa = PBXFileReference; lastKnownFileType = sourcecode.swift; path = RegisterForm.swift; sourceTree = "<group>"; };
		C43C5C162D42C5CA0026A9AF /* Glow.swift */ = {isa = PBXFileReference; lastKnownFileType = sourcecode.swift; path = Glow.swift; sourceTree = "<group>"; };
		C43C5C172D42C5CA0026A9AF /* Timeline.swift */ = {isa = PBXFileReference; lastKnownFileType = sourcecode.swift; path = Timeline.swift; sourceTree = "<group>"; };
		C43C5C192D42C5CA0026A9AF /* AppConstants.swift */ = {isa = PBXFileReference; lastKnownFileType = sourcecode.swift; path = AppConstants.swift; sourceTree = "<group>"; };
		C43C5C1C2D42C5CA0026A9AF /* ColorExtension.swift */ = {isa = PBXFileReference; lastKnownFileType = sourcecode.swift; path = ColorExtension.swift; sourceTree = "<group>"; };
		C43C5C1D2D42C5CA0026A9AF /* ModelName.swift */ = {isa = PBXFileReference; lastKnownFileType = sourcecode.swift; path = ModelName.swift; sourceTree = "<group>"; };
		C43C5C1E2D42C5CA0026A9AF /* NetworkManager.swift */ = {isa = PBXFileReference; lastKnownFileType = sourcecode.swift; path = NetworkManager.swift; sourceTree = "<group>"; };
		C43C5C1F2D42C5CA0026A9AF /* TimeFormatter.swift */ = {isa = PBXFileReference; lastKnownFileType = sourcecode.swift; path = TimeFormatter.swift; sourceTree = "<group>"; };
		C43C5C202D42C5CA0026A9AF /* VDimService.swift */ = {isa = PBXFileReference; lastKnownFileType = sourcecode.swift; path = VDimService.swift; sourceTree = "<group>"; };
		C43C5C222D42C5CA0026A9AF /* Preview Assets.xcassets */ = {isa = PBXFileReference; lastKnownFileType = folder.assetcatalog; path = "Preview Assets.xcassets"; sourceTree = "<group>"; };
		C43C5C242D42C5CA0026A9AF /* thread.json */ = {isa = PBXFileReference; lastKnownFileType = text.json; path = thread.json; sourceTree = "<group>"; };
		C43C5C252D42C5CA0026A9AF /* threads.json */ = {isa = PBXFileReference; lastKnownFileType = text.json; path = threads.json; sourceTree = "<group>"; };
		C43C5C272D42C5CA0026A9AF /* AlimamaShuHeiTi-Bold.otf */ = {isa = PBXFileReference; lastKnownFileType = file; path = "AlimamaShuHeiTi-Bold.otf"; sourceTree = "<group>"; };
		C43C5C292D42C5CA0026A9AF /* HomeView.swift */ = {isa = PBXFileReference; lastKnownFileType = sourcecode.swift; path = HomeView.swift; sourceTree = "<group>"; };
		C43C5C2A2D42C5CA0026A9AF /* LoginView .swift */ = {isa = PBXFileReference; lastKnownFileType = sourcecode.swift; path = "LoginView .swift"; sourceTree = "<group>"; };
		C43C5C2B2D42C5CA0026A9AF /* MusicView.swift */ = {isa = PBXFileReference; lastKnownFileType = sourcecode.swift; path = MusicView.swift; sourceTree = "<group>"; };
		C43C5C2C2D42C5CA0026A9AF /* OldHomeView.swift */ = {isa = PBXFileReference; lastKnownFileType = sourcecode.swift; path = OldHomeView.swift; sourceTree = "<group>"; };
		C43C5C2D2D42C5CA0026A9AF /* PostEditorView.swift */ = {isa = PBXFileReference; lastKnownFileType = sourcecode.swift; path = PostEditorView.swift; sourceTree = "<group>"; };
		C43C5C2E2D42C5CA0026A9AF /* SectionView.swift */ = {isa = PBXFileReference; lastKnownFileType = sourcecode.swift; path = SectionView.swift; sourceTree = "<group>"; };
		C43C5C2F2D42C5CA0026A9AF /* UserView.swift */ = {isa = PBXFileReference; lastKnownFileType = sourcecode.swift; path = UserView.swift; sourceTree = "<group>"; };
		C43C5C312D42C5CA0026A9AF /* Assets.xcassets */ = {isa = PBXFileReference; lastKnownFileType = folder.assetcatalog; path = Assets.xcassets; sourceTree = "<group>"; };
		C43C5C322D42C5CA0026A9AF /* ContentView.swift */ = {isa = PBXFileReference; lastKnownFileType = sourcecode.swift; path = ContentView.swift; sourceTree = "<group>"; };
		C43C5C332D42C5CA0026A9AF /* Info.plist */ = {isa = PBXFileReference; lastKnownFileType = text.plist.xml; path = Info.plist; sourceTree = "<group>"; };
		C43C5C342D42C5CA0026A9AF /* vdimApp.swift */ = {isa = PBXFileReference; lastKnownFileType = sourcecode.swift; path = vdimApp.swift; sourceTree = "<group>"; };
		C46FC4452D2A7AD900007D89 /* vdim.app */ = {isa = PBXFileReference; explicitFileType = wrapper.application; includeInIndex = 0; path = vdim.app; sourceTree = BUILT_PRODUCTS_DIR; };
		C4F10ED72D4689B500F635C4 /* PostControls.swift */ = {isa = PBXFileReference; lastKnownFileType = sourcecode.swift; path = PostControls.swift; sourceTree = "<group>"; };
/* End PBXFileReference section */

/* Begin PBXFrameworksBuildPhase section */
		C46FC4422D2A7AD900007D89 /* Frameworks */ = {
			isa = PBXFrameworksBuildPhase;
			buildActionMask = 2147483647;
			files = (
				C461EBBA2D3FF0850080FAAF /* SDWebImageSwiftUI in Frameworks */,
				C4F554652D3D115F001B4A15 /* Moya in Frameworks */,
				C47B31B62D3AD6E000D623E7 /* zxcvbn in Frameworks */,
			);
			runOnlyForDeploymentPostprocessing = 0;
		};
/* End PBXFrameworksBuildPhase section */

/* Begin PBXGroup section */
		C43C5C0F2D42C5CA0026A9AF /* Home */ = {
			isa = PBXGroup;
			children = (
				C4F10ED72D4689B500F635C4 /* PostControls.swift */,
				C43C5C172D42C5CA0026A9AF /* Timeline.swift */,
			);
			path = Home;
			sourceTree = "<group>";
		};
		C43C5C152D42C5CA0026A9AF /* Login */ = {
			isa = PBXGroup;
			children = (
				C43C5C102D42C5CA0026A9AF /* FormInputs.swift */,
				C43C5C112D42C5CA0026A9AF /* LoginContent.swift */,
				C43C5C122D42C5CA0026A9AF /* LoginForm.swift */,
				C43C5C132D42C5CA0026A9AF /* PasswordInput.swift */,
				C43C5C142D42C5CA0026A9AF /* RegisterForm.swift */,
			);
			path = Login;
			sourceTree = "<group>";
		};
		C43C5C182D42C5CA0026A9AF /* Components */ = {
			isa = PBXGroup;
			children = (
				C43C5C0F2D42C5CA0026A9AF /* Home */,
				C43C5C152D42C5CA0026A9AF /* Login */,
				C43C5C162D42C5CA0026A9AF /* Glow.swift */,
			);
			path = Components;
			sourceTree = "<group>";
		};
		C43C5C1B2D42C5CA0026A9AF /* Debug */ = {
			isa = PBXGroup;
			children = (
				C43C5C192D42C5CA0026A9AF /* AppConstants.swift */,
			);
			path = Debug;
			sourceTree = "<group>";
		};
		C43C5C212D42C5CA0026A9AF /* Frameworks */ = {
			isa = PBXGroup;
			children = (
				C454D54F2D4A2A56002A535B /* RichText */,
				C43C5C1C2D42C5CA0026A9AF /* ColorExtension.swift */,
				C43C5C1D2D42C5CA0026A9AF /* ModelName.swift */,
				C43C5C1E2D42C5CA0026A9AF /* NetworkManager.swift */,
				C43C5C1F2D42C5CA0026A9AF /* TimeFormatter.swift */,
				C43C5C202D42C5CA0026A9AF /* VDimService.swift */,
			);
			path = Frameworks;
			sourceTree = "<group>";
		};
		C43C5C232D42C5CA0026A9AF /* Preview Content */ = {
			isa = PBXGroup;
			children = (
				C43C5C222D42C5CA0026A9AF /* Preview Assets.xcassets */,
			);
			path = "Preview Content";
			sourceTree = "<group>";
		};
		C43C5C262D42C5CA0026A9AF /* Mock Data */ = {
			isa = PBXGroup;
			children = (
				C43C5C242D42C5CA0026A9AF /* thread.json */,
				C43C5C252D42C5CA0026A9AF /* threads.json */,
			);
			path = "Mock Data";
			sourceTree = "<group>";
		};
		C43C5C282D42C5CA0026A9AF /* Resources */ = {
			isa = PBXGroup;
			children = (
				C43C5C262D42C5CA0026A9AF /* Mock Data */,
				C43C5C272D42C5CA0026A9AF /* AlimamaShuHeiTi-Bold.otf */,
			);
			path = Resources;
			sourceTree = "<group>";
		};
		C43C5C302D42C5CA0026A9AF /* Views */ = {
			isa = PBXGroup;
			children = (
				C43C5C292D42C5CA0026A9AF /* HomeView.swift */,
				C43C5C2A2D42C5CA0026A9AF /* LoginView .swift */,
				C43C5C2B2D42C5CA0026A9AF /* MusicView.swift */,
				C43C5C2C2D42C5CA0026A9AF /* OldHomeView.swift */,
				C43C5C2D2D42C5CA0026A9AF /* PostEditorView.swift */,
				C43C5C2E2D42C5CA0026A9AF /* SectionView.swift */,
				C43C5C2F2D42C5CA0026A9AF /* UserView.swift */,
			);
			path = Views;
			sourceTree = "<group>";
		};
		C43C5C352D42C5CA0026A9AF /* vdim */ = {
			isa = PBXGroup;
			children = (
				C43C5C182D42C5CA0026A9AF /* Components */,
				C43C5C1B2D42C5CA0026A9AF /* Debug */,
				C43C5C212D42C5CA0026A9AF /* Frameworks */,
				C43C5C232D42C5CA0026A9AF /* Preview Content */,
				C43C5C282D42C5CA0026A9AF /* Resources */,
				C43C5C302D42C5CA0026A9AF /* Views */,
				C43C5C312D42C5CA0026A9AF /* Assets.xcassets */,
				C43C5C322D42C5CA0026A9AF /* ContentView.swift */,
				C43C5C332D42C5CA0026A9AF /* Info.plist */,
				C43C5C342D42C5CA0026A9AF /* vdimApp.swift */,
			);
			path = vdim;
			sourceTree = "<group>";
		};
		C454D54F2D4A2A56002A535B /* RichText */ = {
			isa = PBXGroup;
			children = (
			);
			path = RichText;
			sourceTree = "<group>";
		};
		C46FC43C2D2A7AD900007D89 = {
			isa = PBXGroup;
			children = (
				C43C5C352D42C5CA0026A9AF /* vdim */,
				C46FC4462D2A7AD900007D89 /* Products */,
			);
			sourceTree = "<group>";
		};
		C46FC4462D2A7AD900007D89 /* Products */ = {
			isa = PBXGroup;
			children = (
				C46FC4452D2A7AD900007D89 /* vdim.app */,
			);
			name = Products;
			sourceTree = "<group>";
		};
/* End PBXGroup section */

/* Begin PBXNativeTarget section */
		C46FC4442D2A7AD900007D89 /* vdim */ = {
			isa = PBXNativeTarget;
			buildConfigurationList = C46FC4532D2A7ADA00007D89 /* Build configuration list for PBXNativeTarget "vdim" */;
			buildPhases = (
				C46FC4412D2A7AD900007D89 /* Sources */,
				C46FC4422D2A7AD900007D89 /* Frameworks */,
				C46FC4432D2A7AD900007D89 /* Resources */,
			);
			buildRules = (
			);
			dependencies = (
			);
			name = vdim;
			packageProductDependencies = (
				C47B31B52D3AD6E000D623E7 /* zxcvbn */,
				C4F554642D3D115F001B4A15 /* Moya */,
				C461EBB92D3FF0850080FAAF /* SDWebImageSwiftUI */,
			);
			productName = vdim;
			productReference = C46FC4452D2A7AD900007D89 /* vdim.app */;
			productType = "com.apple.product-type.application";
		};
/* End PBXNativeTarget section */

/* Begin PBXProject section */
		C46FC43D2D2A7AD900007D89 /* Project object */ = {
			isa = PBXProject;
			attributes = {
				BuildIndependentTargetsInParallel = 1;
				LastSwiftUpdateCheck = 1620;
				LastUpgradeCheck = 1620;
				TargetAttributes = {
					C46FC4442D2A7AD900007D89 = {
						CreatedOnToolsVersion = 16.2;
					};
				};
			};
			buildConfigurationList = C46FC4402D2A7AD900007D89 /* Build configuration list for PBXProject "vdim" */;
			developmentRegion = "zh-Hans";
			hasScannedForEncodings = 0;
			knownRegions = (
				"zh-Hans",
			);
			mainGroup = C46FC43C2D2A7AD900007D89;
			minimizedProjectReferenceProxies = 1;
			packageReferences = (
				C47B31B42D3AD6DF00D623E7 /* XCRemoteSwiftPackageReference "zxcvbn-swift" */,
				C499C3752D3BC444001629BB /* XCRemoteSwiftPackageReference "Moya" */,
				C461EBB82D3FF0850080FAAF /* XCRemoteSwiftPackageReference "SDWebImageSwiftUI" */,
			);
			preferredProjectObjectVersion = 77;
			productRefGroup = C46FC4462D2A7AD900007D89 /* Products */;
			projectDirPath = "";
			projectRoot = "";
			targets = (
				C46FC4442D2A7AD900007D89 /* vdim */,
			);
		};
/* End PBXProject section */

/* Begin PBXResourcesBuildPhase section */
		C46FC4432D2A7AD900007D89 /* Resources */ = {
			isa = PBXResourcesBuildPhase;
			buildActionMask = 2147483647;
			files = (
				C43C5C362D42C5CA0026A9AF /* Preview Assets.xcassets in Resources */,
				C43C5C372D42C5CA0026A9AF /* thread.json in Resources */,
				C43C5C382D42C5CA0026A9AF /* threads.json in Resources */,
				C43C5C392D42C5CA0026A9AF /* AlimamaShuHeiTi-Bold.otf in Resources */,
				C43C5C3A2D42C5CA0026A9AF /* Assets.xcassets in Resources */,
			);
			runOnlyForDeploymentPostprocessing = 0;
		};
/* End PBXResourcesBuildPhase section */

/* Begin PBXSourcesBuildPhase section */
		C46FC4412D2A7AD900007D89 /* Sources */ = {
			isa = PBXSourcesBuildPhase;
			buildActionMask = 2147483647;
			files = (
				C43C5C3C2D42C5CA0026A9AF /* FormInputs.swift in Sources */,
				C43C5C3D2D42C5CA0026A9AF /* LoginContent.swift in Sources */,
				C4F10ED82D4689B800F635C4 /* PostControls.swift in Sources */,
				C43C5C3E2D42C5CA0026A9AF /* LoginForm.swift in Sources */,
				C43C5C3F2D42C5CA0026A9AF /* PasswordInput.swift in Sources */,
				C43C5C402D42C5CA0026A9AF /* RegisterForm.swift in Sources */,
				C43C5C412D42C5CA0026A9AF /* Glow.swift in Sources */,
				C43C5C422D42C5CA0026A9AF /* Timeline.swift in Sources */,
				C43C5C432D42C5CA0026A9AF /* AppConstants.swift in Sources */,
				C43C5C452D42C5CA0026A9AF /* ColorExtension.swift in Sources */,
				C43C5C462D42C5CA0026A9AF /* ModelName.swift in Sources */,
				C43C5C472D42C5CA0026A9AF /* NetworkManager.swift in Sources */,
				C43C5C482D42C5CA0026A9AF /* TimeFormatter.swift in Sources */,
				C43C5C492D42C5CA0026A9AF /* VDimService.swift in Sources */,
				C43C5C4A2D42C5CA0026A9AF /* HomeView.swift in Sources */,
				C43C5C4B2D42C5CA0026A9AF /* LoginView .swift in Sources */,
				C43C5C4C2D42C5CA0026A9AF /* MusicView.swift in Sources */,
				C43C5C4D2D42C5CA0026A9AF /* OldHomeView.swift in Sources */,
				C43C5C4E2D42C5CA0026A9AF /* PostEditorView.swift in Sources */,
				C43C5C4F2D42C5CA0026A9AF /* SectionView.swift in Sources */,
				C43C5C502D42C5CA0026A9AF /* UserView.swift in Sources */,
				C43C5C512D42C5CA0026A9AF /* ContentView.swift in Sources */,
				C43C5C522D42C5CA0026A9AF /* vdimApp.swift in Sources */,
			);
			runOnlyForDeploymentPostprocessing = 0;
		};
/* End PBXSourcesBuildPhase section */

/* Begin XCBuildConfiguration section */
		C46FC4512D2A7ADA00007D89 /* Debug */ = {
			isa = XCBuildConfiguration;
			buildSettings = {
				ALWAYS_SEARCH_USER_PATHS = NO;
				ASSETCATALOG_COMPILER_GENERATE_SWIFT_ASSET_SYMBOL_EXTENSIONS = YES;
				CLANG_ANALYZER_NONNULL = YES;
				CLANG_ANALYZER_NUMBER_OBJECT_CONVERSION = YES_AGGRESSIVE;
				CLANG_CXX_LANGUAGE_STANDARD = "gnu++20";
				CLANG_ENABLE_MODULES = YES;
				CLANG_ENABLE_OBJC_ARC = YES;
				CLANG_ENABLE_OBJC_WEAK = YES;
				CLANG_WARN_BLOCK_CAPTURE_AUTORELEASING = YES;
				CLANG_WARN_BOOL_CONVERSION = YES;
				CLANG_WARN_COMMA = YES;
				CLANG_WARN_CONSTANT_CONVERSION = YES;
				CLANG_WARN_DEPRECATED_OBJC_IMPLEMENTATIONS = YES;
				CLANG_WARN_DIRECT_OBJC_ISA_USAGE = YES_ERROR;
				CLANG_WARN_DOCUMENTATION_COMMENTS = YES;
				CLANG_WARN_EMPTY_BODY = YES;
				CLANG_WARN_ENUM_CONVERSION = YES;
				CLANG_WARN_INFINITE_RECURSION = YES;
				CLANG_WARN_INT_CONVERSION = YES;
				CLANG_WARN_NON_LITERAL_NULL_CONVERSION = YES;
				CLANG_WARN_OBJC_IMPLICIT_RETAIN_SELF = YES;
				CLANG_WARN_OBJC_LITERAL_CONVERSION = YES;
				CLANG_WARN_OBJC_ROOT_CLASS = YES_ERROR;
				CLANG_WARN_QUOTED_INCLUDE_IN_FRAMEWORK_HEADER = YES;
				CLANG_WARN_RANGE_LOOP_ANALYSIS = YES;
				CLANG_WARN_STRICT_PROTOTYPES = YES;
				CLANG_WARN_SUSPICIOUS_MOVE = YES;
				CLANG_WARN_UNGUARDED_AVAILABILITY = YES_AGGRESSIVE;
				CLANG_WARN_UNREACHABLE_CODE = YES;
				CLANG_WARN__DUPLICATE_METHOD_MATCH = YES;
				COPY_PHASE_STRIP = NO;
				DEBUG_INFORMATION_FORMAT = dwarf;
				ENABLE_STRICT_OBJC_MSGSEND = YES;
				ENABLE_TESTABILITY = YES;
				ENABLE_USER_SCRIPT_SANDBOXING = YES;
				GCC_C_LANGUAGE_STANDARD = gnu17;
				GCC_DYNAMIC_NO_PIC = NO;
				GCC_NO_COMMON_BLOCKS = YES;
				GCC_OPTIMIZATION_LEVEL = 0;
				GCC_PREPROCESSOR_DEFINITIONS = (
					"DEBUG=1",
					"$(inherited)",
				);
				GCC_WARN_64_TO_32_BIT_CONVERSION = YES;
				GCC_WARN_ABOUT_RETURN_TYPE = YES_ERROR;
				GCC_WARN_UNDECLARED_SELECTOR = YES;
				GCC_WARN_UNINITIALIZED_AUTOS = YES_AGGRESSIVE;
				GCC_WARN_UNUSED_FUNCTION = YES;
				GCC_WARN_UNUSED_VARIABLE = YES;
				IPHONEOS_DEPLOYMENT_TARGET = 15.6;
				LOCALIZATION_PREFERS_STRING_CATALOGS = YES;
				MTL_ENABLE_DEBUG_INFO = INCLUDE_SOURCE;
				MTL_FAST_MATH = YES;
				ONLY_ACTIVE_ARCH = YES;
				SDKROOT = iphoneos;
				SWIFT_ACTIVE_COMPILATION_CONDITIONS = "DEBUG $(inherited)";
				SWIFT_OPTIMIZATION_LEVEL = "-Onone";
			};
			name = Debug;
		};
		C46FC4522D2A7ADA00007D89 /* Release */ = {
			isa = XCBuildConfiguration;
			buildSettings = {
				ALWAYS_SEARCH_USER_PATHS = NO;
				ASSETCATALOG_COMPILER_GENERATE_SWIFT_ASSET_SYMBOL_EXTENSIONS = YES;
				CLANG_ANALYZER_NONNULL = YES;
				CLANG_ANALYZER_NUMBER_OBJECT_CONVERSION = YES_AGGRESSIVE;
				CLANG_CXX_LANGUAGE_STANDARD = "gnu++20";
				CLANG_ENABLE_MODULES = YES;
				CLANG_ENABLE_OBJC_ARC = YES;
				CLANG_ENABLE_OBJC_WEAK = YES;
				CLANG_WARN_BLOCK_CAPTURE_AUTORELEASING = YES;
				CLANG_WARN_BOOL_CONVERSION = YES;
				CLANG_WARN_COMMA = YES;
				CLANG_WARN_CONSTANT_CONVERSION = YES;
				CLANG_WARN_DEPRECATED_OBJC_IMPLEMENTATIONS = YES;
				CLANG_WARN_DIRECT_OBJC_ISA_USAGE = YES_ERROR;
				CLANG_WARN_DOCUMENTATION_COMMENTS = YES;
				CLANG_WARN_EMPTY_BODY = YES;
				CLANG_WARN_ENUM_CONVERSION = YES;
				CLANG_WARN_INFINITE_RECURSION = YES;
				CLANG_WARN_INT_CONVERSION = YES;
				CLANG_WARN_NON_LITERAL_NULL_CONVERSION = YES;
				CLANG_WARN_OBJC_IMPLICIT_RETAIN_SELF = YES;
				CLANG_WARN_OBJC_LITERAL_CONVERSION = YES;
				CLANG_WARN_OBJC_ROOT_CLASS = YES_ERROR;
				CLANG_WARN_QUOTED_INCLUDE_IN_FRAMEWORK_HEADER = YES;
				CLANG_WARN_RANGE_LOOP_ANALYSIS = YES;
				CLANG_WARN_STRICT_PROTOTYPES = YES;
				CLANG_WARN_SUSPICIOUS_MOVE = YES;
				CLANG_WARN_UNGUARDED_AVAILABILITY = YES_AGGRESSIVE;
				CLANG_WARN_UNREACHABLE_CODE = YES;
				CLANG_WARN__DUPLICATE_METHOD_MATCH = YES;
				COPY_PHASE_STRIP = NO;
				DEBUG_INFORMATION_FORMAT = "dwarf-with-dsym";
				ENABLE_NS_ASSERTIONS = NO;
				ENABLE_STRICT_OBJC_MSGSEND = YES;
				ENABLE_USER_SCRIPT_SANDBOXING = YES;
				GCC_C_LANGUAGE_STANDARD = gnu17;
				GCC_NO_COMMON_BLOCKS = YES;
				GCC_WARN_64_TO_32_BIT_CONVERSION = YES;
				GCC_WARN_ABOUT_RETURN_TYPE = YES_ERROR;
				GCC_WARN_UNDECLARED_SELECTOR = YES;
				GCC_WARN_UNINITIALIZED_AUTOS = YES_AGGRESSIVE;
				GCC_WARN_UNUSED_FUNCTION = YES;
				GCC_WARN_UNUSED_VARIABLE = YES;
				IPHONEOS_DEPLOYMENT_TARGET = 15.6;
				LOCALIZATION_PREFERS_STRING_CATALOGS = YES;
				MTL_ENABLE_DEBUG_INFO = NO;
				MTL_FAST_MATH = YES;
				SDKROOT = iphoneos;
				SWIFT_COMPILATION_MODE = wholemodule;
				VALIDATE_PRODUCT = YES;
			};
			name = Release;
		};
		C46FC4542D2A7ADA00007D89 /* Debug */ = {
			isa = XCBuildConfiguration;
			buildSettings = {
				ASSETCATALOG_COMPILER_APPICON_NAME = AppIcon;
				ASSETCATALOG_COMPILER_GLOBAL_ACCENT_COLOR_NAME = AccentColor;
				CODE_SIGN_IDENTITY = "Apple Development";
				CODE_SIGN_STYLE = Automatic;
				CURRENT_PROJECT_VERSION = 3;
				DEVELOPMENT_ASSET_PATHS = "\"vdim/Preview Content\"";
				DEVELOPMENT_TEAM = 5357GH898G;
				ENABLE_PREVIEWS = YES;
				GENERATE_INFOPLIST_FILE = YES;
				INFOPLIST_FILE = vdim/Info.plist;
				INFOPLIST_KEY_CFBundleDisplayName = "V次元";
				INFOPLIST_KEY_LSApplicationCategoryType = "public.app-category.social-networking";
				INFOPLIST_KEY_UIApplicationSceneManifest_Generation = YES;
				INFOPLIST_KEY_UIApplicationSupportsIndirectInputEvents = YES;
				INFOPLIST_KEY_UILaunchScreen_Generation = YES;
				INFOPLIST_KEY_UIStatusBarHidden = YES;
				INFOPLIST_KEY_UISupportedInterfaceOrientations = UIInterfaceOrientationPortrait;
				INFOPLIST_KEY_UISupportedInterfaceOrientations_iPad = "UIInterfaceOrientationPortrait UIInterfaceOrientationPortraitUpsideDown";
				IPHONEOS_DEPLOYMENT_TARGET = 15.0;
				LD_RUNPATH_SEARCH_PATHS = (
					"$(inherited)",
					"@executable_path/Frameworks",
				);
				MARKETING_VERSION = 0.5.0;
				PRODUCT_BUNDLE_IDENTIFIER = fan.lty.ios;
				PRODUCT_NAME = "$(TARGET_NAME)";
				PROVISIONING_PROFILE_SPECIFIER = "";
				SUPPORTED_PLATFORMS = "iphoneos iphonesimulator";
				SUPPORTS_MACCATALYST = NO;
				SUPPORTS_MAC_DESIGNED_FOR_IPHONE_IPAD = NO;
				SUPPORTS_XR_DESIGNED_FOR_IPHONE_IPAD = NO;
				SWIFT_EMIT_LOC_STRINGS = YES;
				SWIFT_VERSION = 5.0;
				TARGETED_DEVICE_FAMILY = 1;
			};
			name = Debug;
		};
		C46FC4552D2A7ADA00007D89 /* Release */ = {
			isa = XCBuildConfiguration;
			buildSettings = {
				ASSETCATALOG_COMPILER_APPICON_NAME = AppIcon;
				ASSETCATALOG_COMPILER_GLOBAL_ACCENT_COLOR_NAME = AccentColor;
				CODE_SIGN_IDENTITY = "Apple Development";
				CODE_SIGN_STYLE = Automatic;
				CURRENT_PROJECT_VERSION = 3;
				DEVELOPMENT_ASSET_PATHS = "\"vdim/Preview Content\"";
				DEVELOPMENT_TEAM = 5357GH898G;
				ENABLE_PREVIEWS = YES;
				GENERATE_INFOPLIST_FILE = YES;
				INFOPLIST_FILE = vdim/Info.plist;
				INFOPLIST_KEY_CFBundleDisplayName = "V次元";
				INFOPLIST_KEY_LSApplicationCategoryType = "public.app-category.social-networking";
				INFOPLIST_KEY_UIApplicationSceneManifest_Generation = YES;
				INFOPLIST_KEY_UIApplicationSupportsIndirectInputEvents = YES;
				INFOPLIST_KEY_UILaunchScreen_Generation = YES;
				INFOPLIST_KEY_UIStatusBarHidden = YES;
				INFOPLIST_KEY_UISupportedInterfaceOrientations = UIInterfaceOrientationPortrait;
				INFOPLIST_KEY_UISupportedInterfaceOrientations_iPad = "UIInterfaceOrientationPortrait UIInterfaceOrientationPortraitUpsideDown";
				IPHONEOS_DEPLOYMENT_TARGET = 15.0;
				LD_RUNPATH_SEARCH_PATHS = (
					"$(inherited)",
					"@executable_path/Frameworks",
				);
				MARKETING_VERSION = 0.5.0;
				PRODUCT_BUNDLE_IDENTIFIER = fan.lty.ios;
				PRODUCT_NAME = "$(TARGET_NAME)";
				PROVISIONING_PROFILE_SPECIFIER = "";
				SUPPORTED_PLATFORMS = "iphoneos iphonesimulator";
				SUPPORTS_MACCATALYST = NO;
				SUPPORTS_MAC_DESIGNED_FOR_IPHONE_IPAD = NO;
				SUPPORTS_XR_DESIGNED_FOR_IPHONE_IPAD = NO;
				SWIFT_EMIT_LOC_STRINGS = YES;
				SWIFT_VERSION = 5.0;
				TARGETED_DEVICE_FAMILY = 1;
			};
			name = Release;
		};
/* End XCBuildConfiguration section */

/* Begin XCConfigurationList section */
		C46FC4402D2A7AD900007D89 /* Build configuration list for PBXProject "vdim" */ = {
			isa = XCConfigurationList;
			buildConfigurations = (
				C46FC4512D2A7ADA00007D89 /* Debug */,
				C46FC4522D2A7ADA00007D89 /* Release */,
			);
			defaultConfigurationIsVisible = 0;
			defaultConfigurationName = Release;
		};
		C46FC4532D2A7ADA00007D89 /* Build configuration list for PBXNativeTarget "vdim" */ = {
			isa = XCConfigurationList;
			buildConfigurations = (
				C46FC4542D2A7ADA00007D89 /* Debug */,
				C46FC4552D2A7ADA00007D89 /* Release */,
			);
			defaultConfigurationIsVisible = 0;
			defaultConfigurationName = Release;
		};
/* End XCConfigurationList section */

/* Begin XCRemoteSwiftPackageReference section */
		C461EBB82D3FF0850080FAAF /* XCRemoteSwiftPackageReference "SDWebImageSwiftUI" */ = {
			isa = XCRemoteSwiftPackageReference;
			repositoryURL = "https://github.com/SDWebImage/SDWebImageSwiftUI";
			requirement = {
				kind = upToNextMajorVersion;
				minimumVersion = 3.1.3;
			};
		};
		C47B31B42D3AD6DF00D623E7 /* XCRemoteSwiftPackageReference "zxcvbn-swift" */ = {
			isa = XCRemoteSwiftPackageReference;
			repositoryURL = "https://github.com/DeVitoC/zxcvbn-swift";
			requirement = {
				branch = main;
				kind = branch;
			};
		};
		C499C3752D3BC444001629BB /* XCRemoteSwiftPackageReference "Moya" */ = {
			isa = XCRemoteSwiftPackageReference;
			repositoryURL = "https://github.com/Moya/Moya.git";
			requirement = {
				kind = upToNextMajorVersion;
				minimumVersion = 15.0.3;
			};
		};
/* End XCRemoteSwiftPackageReference section */

/* Begin XCSwiftPackageProductDependency section */
		C461EBB92D3FF0850080FAAF /* SDWebImageSwiftUI */ = {
			isa = XCSwiftPackageProductDependency;
			package = C461EBB82D3FF0850080FAAF /* XCRemoteSwiftPackageReference "SDWebImageSwiftUI" */;
			productName = SDWebImageSwiftUI;
		};
		C47B31B52D3AD6E000D623E7 /* zxcvbn */ = {
			isa = XCSwiftPackageProductDependency;
			package = C47B31B42D3AD6DF00D623E7 /* XCRemoteSwiftPackageReference "zxcvbn-swift" */;
			productName = zxcvbn;
		};
		C4F554642D3D115F001B4A15 /* Moya */ = {
			isa = XCSwiftPackageProductDependency;
			package = C499C3752D3BC444001629BB /* XCRemoteSwiftPackageReference "Moya" */;
			productName = Moya;
		};
/* End XCSwiftPackageProductDependency section */
	};
	rootObject = C46FC43D2D2A7AD900007D89 /* Project object */;
}
